
Microsoft Visual Studio Solution File, Format Version 12.00
# Visual Studio Version 17
VisualStudioVersion = 17.9.34622.214
MinimumVisualStudioVersion = 10.0.40219.1
Project("{9A19103F-16F7-4668-BE54-9A1E7A4F7556}") = "Futureadvance.API", "Futureadvance.API\Futureadvance.API.csproj", "{72A5D091-0327-4405-91CD-B66497F23BC6}"
EndProject
Project("{9A19103F-16F7-4668-BE54-9A1E7A4F7556}") = "Futureadvance.MVC", "Futureadvance.MVC\Futureadvance.MVC.csproj", "{953FCB97-E42E-4C2B-B628-76E368EF98F9}"
EndProject
Project("{9A19103F-16F7-4668-BE54-9A1E7A4F7556}") = "Futureadvance.Repostiory", "Futureadvance.Repostiory\Futureadvance.Repostiory.csproj", "{D1B2A2A0-2762-4A72-8071-4DA476C30AFD}"
EndProject
Project("{9A19103F-16F7-4668-BE54-9A1E7A4F7556}") = "Futureadvance.Core", "Futureadvance.Core\Futureadvance.Core.csproj", "{2E936490-9319-4BC1-8194-147C9B7554B7}"
EndProject
Project("{9A19103F-16F7-4668-BE54-9A1E7A4F7556}") = "Futureadvance.Utility", "Futureadvance.Utility\Futureadvance.Utility.csproj", "{C6886597-F940-4526-8C82-BADF80E5EE54}"
EndProject
Global
	GlobalSection(SolutionConfigurationPlatforms) = preSolution
		Debug|Any CPU = Debug|Any CPU
		Release|Any CPU = Release|Any CPU
	EndGlobalSection
	GlobalSection(ProjectConfigurationPlatforms) = postSolution
		{72A5D091-0327-4405-91CD-B66497F23BC6}.Debug|Any CPU.ActiveCfg = Debug|Any CPU
		{72A5D091-0327-4405-91CD-B66497F23BC6}.Debug|Any CPU.Build.0 = Debug|Any CPU
		{72A5D091-0327-4405-91CD-B66497F23BC6}.Release|Any CPU.ActiveCfg = Release|Any CPU
		{72A5D091-0327-4405-91CD-B66497F23BC6}.Release|Any CPU.Build.0 = Release|Any CPU
		{953FCB97-E42E-4C2B-B628-76E368EF98F9}.Debug|Any CPU.ActiveCfg = Debug|Any CPU
		{953FCB97-E42E-4C2B-B628-76E368EF98F9}.Debug|Any CPU.Build.0 = Debug|Any CPU
		{953FCB97-E42E-4C2B-B628-76E368EF98F9}.Release|Any CPU.ActiveCfg = Release|Any CPU
		{953FCB97-E42E-4C2B-B628-76E368EF98F9}.Release|Any CPU.Build.0 = Release|Any CPU
		{D1B2A2A0-2762-4A72-8071-4DA476C30AFD}.Debug|Any CPU.ActiveCfg = Debug|Any CPU
		{D1B2A2A0-2762-4A72-8071-4DA476C30AFD}.Debug|Any CPU.Build.0 = Debug|Any CPU
		{D1B2A2A0-2762-4A72-8071-4DA476C30AFD}.Release|Any CPU.ActiveCfg = Release|Any CPU
		{D1B2A2A0-2762-4A72-8071-4DA476C30AFD}.Release|Any CPU.Build.0 = Release|Any CPU
		{2E936490-9319-4BC1-8194-147C9B7554B7}.Debug|Any CPU.ActiveCfg = Debug|Any CPU
		{2E936490-9319-4BC1-8194-147C9B7554B7}.Debug|Any CPU.Build.0 = Debug|Any CPU
		{2E936490-9319-4BC1-8194-147C9B7554B7}.Release|Any CPU.ActiveCfg = Release|Any CPU
		{2E936490-9319-4BC1-8194-147C9B7554B7}.Release|Any CPU.Build.0 = Release|Any CPU
		{C6886597-F940-4526-8C82-BADF80E5EE54}.Debug|Any CPU.ActiveCfg = Debug|Any CPU
		{C6886597-F940-4526-8C82-BADF80E5EE54}.Debug|Any CPU.Build.0 = Debug|Any CPU
		{C6886597-F940-4526-8C82-BADF80E5EE54}.Release|Any CPU.ActiveCfg = Release|Any CPU
		{C6886597-F940-4526-8C82-BADF80E5EE54}.Release|Any CPU.Build.0 = Release|Any CPU
	EndGlobalSection
	GlobalSection(SolutionProperties) = preSolution
		HideSolutionNode = FALSE
	EndGlobalSection
	GlobalSection(ExtensibilityGlobals) = postSolution
		SolutionGuid = {77B05378-F9F9-4694-9C04-5147EA67B678}
	EndGlobalSection
EndGlobal
